
Microsoft Visual Studio Solution File, Format Version 12.00
# Visual Studio Version 16
VisualStudioVersion = 16.0.28803.156
MinimumVisualStudioVersion = 10.0.40219.1
Project("{9A19103F-16F7-4668-BE54-9A1E7A4F7556}") = "CognitiveAIApis.Infrastructure", "..\CognitiveAIApis.Infrastructure\CognitiveAIApis.Infrastructure.csproj", "{52711D44-DBA2-4944-8ABB-AE2F3BE6493E}"
EndProject
Project("{9A19103F-16F7-4668-BE54-9A1E7A4F7556}") = "CognitiveAIApis.Services", "..\CognitiveAIApis.Services\CognitiveAIApis.Services.csproj", "{5A63B393-DC6B-4A99-B114-15B6B4E1AF6E}"
EndProject
Global
	GlobalSection(SolutionConfigurationPlatforms) = preSolution
		Debug|Any CPU = Debug|Any CPU
		Release|Any CPU = Release|Any CPU
	EndGlobalSection
	GlobalSection(ProjectConfigurationPlatforms) = postSolution
		{52711D44-DBA2-4944-8ABB-AE2F3BE6493E}.Debug|Any CPU.ActiveCfg = Debug|Any CPU
		{52711D44-DBA2-4944-8ABB-AE2F3BE6493E}.Debug|Any CPU.Build.0 = Debug|Any CPU
		{52711D44-DBA2-4944-8ABB-AE2F3BE6493E}.Release|Any CPU.ActiveCfg = Release|Any CPU
		{52711D44-DBA2-4944-8ABB-AE2F3BE6493E}.Release|Any CPU.Build.0 = Release|Any CPU
		{5A63B393-DC6B-4A99-B114-15B6B4E1AF6E}.Debug|Any CPU.ActiveCfg = Debug|Any CPU
		{5A63B393-DC6B-4A99-B114-15B6B4E1AF6E}.Debug|Any CPU.Build.0 = Debug|Any CPU
		{5A63B393-DC6B-4A99-B114-15B6B4E1AF6E}.Release|Any CPU.ActiveCfg = Release|Any CPU
		{5A63B393-DC6B-4A99-B114-15B6B4E1AF6E}.Release|Any CPU.Build.0 = Release|Any CPU
	EndGlobalSection
	GlobalSection(SolutionProperties) = preSolution
		HideSolutionNode = FALSE
	EndGlobalSection
	GlobalSection(ExtensibilityGlobals) = postSolution
		SolutionGuid = {0F895E60-47E4-4222-81E3-DB602239640B}
	EndGlobalSection
EndGlobal
